// !$*UTF8*$!
{
	archiveVersion = 1;
	classes = {
	};
	objectVersion = 50;
	objects = {

/* Begin PBXBuildFile section */
		A576047D24C5AEF00035C779 /* AppDelegate.swift in Sources */ = {isa = PBXBuildFile; fileRef = A576047C24C5AEF00035C779 /* AppDelegate.swift */; };
		A576047F24C5AEF00035C779 /* SceneDelegate.swift in Sources */ = {isa = PBXBuildFile; fileRef = A576047E24C5AEF00035C779 /* SceneDelegate.swift */; };
		A576048124C5AEF00035C779 /* ViewController.swift in Sources */ = {isa = PBXBuildFile; fileRef = A576048024C5AEF00035C779 /* ViewController.swift */; };
		A576048424C5AEF00035C779 /* Main.storyboard in Resources */ = {isa = PBXBuildFile; fileRef = A576048224C5AEF00035C779 /* Main.storyboard */; };
		A576048624C5AEFB0035C779 /* Assets.xcassets in Resources */ = {isa = PBXBuildFile; fileRef = A576048524C5AEFB0035C779 /* Assets.xcassets */; };
		A576048924C5AEFB0035C779 /* LaunchScreen.storyboard in Resources */ = {isa = PBXBuildFile; fileRef = A576048724C5AEFB0035C779 /* LaunchScreen.storyboard */; };
		A57604B324C88B800035C779 /* listController.swift in Sources */ = {isa = PBXBuildFile; fileRef = A57604B224C88B800035C779 /* listController.swift */; };
		A57604BB24C8BAB40035C779 /* testVC.swift in Sources */ = {isa = PBXBuildFile; fileRef = A57604BA24C8BAB40035C779 /* testVC.swift */; };
		A576058924CF14180035C779 /* ring1.caf in Resources */ = {isa = PBXBuildFile; fileRef = A576058724CF14170035C779 /* ring1.caf */; };
		A576058C24CF160A0035C779 /* ring2.caf in Resources */ = {isa = PBXBuildFile; fileRef = A576058B24CF160A0035C779 /* ring2.caf */; };
		A576058E24CF185A0035C779 /* ring3.caf in Resources */ = {isa = PBXBuildFile; fileRef = A576058D24CF185A0035C779 /* ring3.caf */; };
/* End PBXBuildFile section */

/* Begin PBXFileReference section */
		A576047924C5AEF00035C779 /* LocalNotification.app */ = {isa = PBXFileReference; explicitFileType = wrapper.application; includeInIndex = 0; path = LocalNotification.app; sourceTree = BUILT_PRODUCTS_DIR; };
		A576047C24C5AEF00035C779 /* AppDelegate.swift */ = {isa = PBXFileReference; lastKnownFileType = sourcecode.swift; path = AppDelegate.swift; sourceTree = "<group>"; };
		A576047E24C5AEF00035C779 /* SceneDelegate.swift */ = {isa = PBXFileReference; lastKnownFileType = sourcecode.swift; path = SceneDelegate.swift; sourceTree = "<group>"; };
		A576048024C5AEF00035C779 /* ViewController.swift */ = {isa = PBXFileReference; lastKnownFileType = sourcecode.swift; path = ViewController.swift; sourceTree = "<group>"; };
		A576048324C5AEF00035C779 /* Base */ = {isa = PBXFileReference; lastKnownFileType = file.storyboard; name = Base; path = Base.lproj/Main.storyboard; sourceTree = "<group>"; };
		A576048524C5AEFB0035C779 /* Assets.xcassets */ = {isa = PBXFileReference; lastKnownFileType = folder.assetcatalog; path = Assets.xcassets; sourceTree = "<group>"; };
		A576048824C5AEFB0035C779 /* Base */ = {isa = PBXFileReference; lastKnownFileType = file.storyboard; name = Base; path = Base.lproj/LaunchScreen.storyboard; sourceTree = "<group>"; };
		A576048A24C5AEFB0035C779 /* Info.plist */ = {isa = PBXFileReference; lastKnownFileType = text.plist.xml; path = Info.plist; sourceTree = "<group>"; };
		A57604B224C88B800035C779 /* listController.swift */ = {isa = PBXFileReference; lastKnownFileType = sourcecode.swift; path = listController.swift; sourceTree = "<group>"; };
		A57604BA24C8BAB40035C779 /* testVC.swift */ = {isa = PBXFileReference; lastKnownFileType = sourcecode.swift; path = testVC.swift; sourceTree = "<group>"; };
		A576058724CF14170035C779 /* ring1.caf */ = {isa = PBXFileReference; lastKnownFileType = file; path = ring1.caf; sourceTree = "<group>"; };
		A576058B24CF160A0035C779 /* ring2.caf */ = {isa = PBXFileReference; lastKnownFileType = file; path = ring2.caf; sourceTree = "<group>"; };
		A576058D24CF185A0035C779 /* ring3.caf */ = {isa = PBXFileReference; lastKnownFileType = file; path = ring3.caf; sourceTree = "<group>"; };
/* End PBXFileReference section */

/* Begin PBXFrameworksBuildPhase section */
		A576047624C5AEF00035C779 /* Frameworks */ = {
			isa = PBXFrameworksBuildPhase;
			buildActionMask = 2147483647;
			files = (
			);
			runOnlyForDeploymentPostprocessing = 0;
		};
/* End PBXFrameworksBuildPhase section */

/* Begin PBXGroup section */
		A576047024C5AEF00035C779 = {
			isa = PBXGroup;
			children = (
				A576047B24C5AEF00035C779 /* LocalNotification */,
				A576047A24C5AEF00035C779 /* Products */,
			);
			sourceTree = "<group>";
		};
		A576047A24C5AEF00035C779 /* Products */ = {
			isa = PBXGroup;
			children = (
				A576047924C5AEF00035C779 /* LocalNotification.app */,
			);
			name = Products;
			sourceTree = "<group>";
		};
		A576047B24C5AEF00035C779 /* LocalNotification */ = {
			isa = PBXGroup;
			children = (
				A576047C24C5AEF00035C779 /* AppDelegate.swift */,
				A576047E24C5AEF00035C779 /* SceneDelegate.swift */,
				A576048024C5AEF00035C779 /* ViewController.swift */,
				A57604B224C88B800035C779 /* listController.swift */,
				A576048224C5AEF00035C779 /* Main.storyboard */,
				A576048524C5AEFB0035C779 /* Assets.xcassets */,
				A576058724CF14170035C779 /* ring1.caf */,
				A576058B24CF160A0035C779 /* ring2.caf */,
				A576058D24CF185A0035C779 /* ring3.caf */,
				A576048724C5AEFB0035C779 /* LaunchScreen.storyboard */,
				A576048A24C5AEFB0035C779 /* Info.plist */,
				A57604BA24C8BAB40035C779 /* testVC.swift */,
			);
			path = LocalNotification;
			sourceTree = "<group>";
		};
/* End PBXGroup section */

/* Begin PBXNativeTarget section */
		A576047824C5AEF00035C779 /* LocalNotification */ = {
			isa = PBXNativeTarget;
			buildConfigurationList = A576048D24C5AEFB0035C779 /* Build configuration list for PBXNativeTarget "LocalNotification" */;
			buildPhases = (
				A576047524C5AEF00035C779 /* Sources */,
				A576047624C5AEF00035C779 /* Frameworks */,
				A576047724C5AEF00035C779 /* Resources */,
			);
			buildRules = (
			);
			dependencies = (
			);
			name = LocalNotification;
			productName = LocalNotification;
			productReference = A576047924C5AEF00035C779 /* LocalNotification.app */;
			productType = "com.apple.product-type.application";
		};
/* End PBXNativeTarget section */

/* Begin PBXProject section */
		A576047124C5AEF00035C779 /* Project object */ = {
			isa = PBXProject;
			attributes = {
				LastSwiftUpdateCheck = 1160;
				LastUpgradeCheck = 1160;
				ORGANIZATIONNAME = "Jawaher Alaggl";
				TargetAttributes = {
					A576047824C5AEF00035C779 = {
						CreatedOnToolsVersion = 11.6;
					};
				};
			};
			buildConfigurationList = A576047424C5AEF00035C779 /* Build configuration list for PBXProject "LocalNotification" */;
			compatibilityVersion = "Xcode 9.3";
			developmentRegion = en;
			hasScannedForEncodings = 0;
			knownRegions = (
				en,
				Base,
			);
			mainGroup = A576047024C5AEF00035C779;
			productRefGroup = A576047A24C5AEF00035C779 /* Products */;
			projectDirPath = "";
			projectRoot = "";
			targets = (
				A576047824C5AEF00035C779 /* LocalNotification */,
			);
		};
/* End PBXProject section */

/* Begin PBXResourcesBuildPhase section */
		A576047724C5AEF00035C779 /* Resources */ = {
			isa = PBXResourcesBuildPhase;
			buildActionMask = 2147483647;
			files = (
				A576058924CF14180035C779 /* ring1.caf in Resources */,
				A576058C24CF160A0035C779 /* ring2.caf in Resources */,
				A576048924C5AEFB0035C779 /* LaunchScreen.storyboard in Resources */,
				A576048624C5AEFB0035C779 /* Assets.xcassets in Resources */,
				A576048424C5AEF00035C779 /* Main.storyboard in Resources */,
				A576058E24CF185A0035C779 /* ring3.caf in Resources */,
			);
			runOnlyForDeploymentPostprocessing = 0;
		};
/* End PBXResourcesBuildPhase section */

/* Begin PBXSourcesBuildPhase section */
		A576047524C5AEF00035C779 /* Sources */ = {
			isa = PBXSourcesBuildPhase;
			buildActionMask = 2147483647;
			files = (
				A576048124C5AEF00035C779 /* ViewController.swift in Sources */,
				A57604BB24C8BAB40035C779 /* testVC.swift in Sources */,
				A576047D24C5AEF00035C779 /* AppDelegate.swift in Sources */,
				A576047F24C5AEF00035C779 /* SceneDelegate.swift in Sources */,
				A57604B324C88B800035C779 /* listController.swift in Sources */,
			);
			runOnlyForDeploymentPostprocessing = 0;
		};
/* End PBXSourcesBuildPhase section */

/* Begin PBXVariantGroup section */
		A576048224C5AEF00035C779 /* Main.storyboard */ = {
			isa = PBXVariantGroup;
			children = (
				A576048324C5AEF00035C779 /* Base */,
			);
			name = Main.storyboard;
			sourceTree = "<group>";
		};
		A576048724C5AEFB0035C779 /* LaunchScreen.storyboard */ = {
			isa = PBXVariantGroup;
			children = (
				A576048824C5AEFB0035C779 /* Base */,
			);
			name = LaunchScreen.storyboard;
			sourceTree = "<group>";
		};
/* End PBXVariantGroup section */

/* Begin XCBuildConfiguration section */
		A576048B24C5AEFB0035C779 /* Debug */ = {
			isa = XCBuildConfiguration;
			buildSettings = {
				ALWAYS_SEARCH_USER_PATHS = NO;
				CLANG_ANALYZER_NONNULL = YES;
				CLANG_ANALYZER_NUMBER_OBJECT_CONVERSION = YES_AGGRESSIVE;
				CLANG_CXX_LANGUAGE_STANDARD = "gnu++14";
				CLANG_CXX_LIBRARY = "libc++";
				CLANG_ENABLE_MODULES = YES;
				CLANG_ENABLE_OBJC_ARC = YES;
				CLANG_ENABLE_OBJC_WEAK = YES;
				CLANG_WARN_BLOCK_CAPTURE_AUTORELEASING = YES;
				CLANG_WARN_BOOL_CONVERSION = YES;
				CLANG_WARN_COMMA = YES;
				CLANG_WARN_CONSTANT_CONVERSION = YES;
				CLANG_WARN_DEPRECATED_OBJC_IMPLEMENTATIONS = YES;
				CLANG_WARN_DIRECT_OBJC_ISA_USAGE = YES_ERROR;
				CLANG_WARN_DOCUMENTATION_COMMENTS = YES;
				CLANG_WARN_EMPTY_BODY = YES;
				CLANG_WARN_ENUM_CONVERSION = YES;
				CLANG_WARN_INFINITE_RECURSION = YES;
				CLANG_WARN_INT_CONVERSION = YES;
				CLANG_WARN_NON_LITERAL_NULL_CONVERSION = YES;
				CLANG_WARN_OBJC_IMPLICIT_RETAIN_SELF = YES;
				CLANG_WARN_OBJC_LITERAL_CONVERSION = YES;
				CLANG_WARN_OBJC_ROOT_CLASS = YES_ERROR;
				CLANG_WARN_RANGE_LOOP_ANALYSIS = YES;
				CLANG_WARN_STRICT_PROTOTYPES = YES;
				CLANG_WARN_SUSPICIOUS_MOVE = YES;
				CLANG_WARN_UNGUARDED_AVAILABILITY = YES_AGGRESSIVE;
				CLANG_WARN_UNREACHABLE_CODE = YES;
				CLANG_WARN__DUPLICATE_METHOD_MATCH = YES;
				COPY_PHASE_STRIP = NO;
				DEBUG_INFORMATION_FORMAT = dwarf;
				ENABLE_STRICT_OBJC_MSGSEND = YES;
				ENABLE_TESTABILITY = YES;
				GCC_C_LANGUAGE_STANDARD = gnu11;
				GCC_DYNAMIC_NO_PIC = NO;
				GCC_NO_COMMON_BLOCKS = YES;
				GCC_OPTIMIZATION_LEVEL = 0;
				GCC_PREPROCESSOR_DEFINITIONS = (
					"DEBUG=1",
					"$(inherited)",
				);
				GCC_WARN_64_TO_32_BIT_CONVERSION = YES;
				GCC_WARN_ABOUT_RETURN_TYPE = YES_ERROR;
				GCC_WARN_UNDECLARED_SELECTOR = YES;
				GCC_WARN_UNINITIALIZED_AUTOS = YES_AGGRESSIVE;
				GCC_WARN_UNUSED_FUNCTION = YES;
				GCC_WARN_UNUSED_VARIABLE = YES;
				IPHONEOS_DEPLOYMENT_TARGET = 13.6;
				MTL_ENABLE_DEBUG_INFO = INCLUDE_SOURCE;
				MTL_FAST_MATH = YES;
				ONLY_ACTIVE_ARCH = YES;
				SDKROOT = iphoneos;
				SWIFT_ACTIVE_COMPILATION_CONDITIONS = DEBUG;
				SWIFT_OPTIMIZATION_LEVEL = "-Onone";
			};
			name = Debug;
		};
		A576048C24C5AEFB0035C779 /* Release */ = {
			isa = XCBuildConfiguration;
			buildSettings = {
				ALWAYS_SEARCH_USER_PATHS = NO;
				CLANG_ANALYZER_NONNULL = YES;
				CLANG_ANALYZER_NUMBER_OBJECT_CONVERSION = YES_AGGRESSIVE;
				CLANG_CXX_LANGUAGE_STANDARD = "gnu++14";
				CLANG_CXX_LIBRARY = "libc++";
				CLANG_ENABLE_MODULES = YES;
				CLANG_ENABLE_OBJC_ARC = YES;
				CLANG_ENABLE_OBJC_WEAK = YES;
				CLANG_WARN_BLOCK_CAPTURE_AUTORELEASING = YES;
				CLANG_WARN_BOOL_CONVERSION = YES;
				CLANG_WARN_COMMA = YES;
				CLANG_WARN_CONSTANT_CONVERSION = YES;
				CLANG_WARN_DEPRECATED_OBJC_IMPLEMENTATIONS = YES;
				CLANG_WARN_DIRECT_OBJC_ISA_USAGE = YES_ERROR;
				CLANG_WARN_DOCUMENTATION_COMMENTS = YES;
				CLANG_WARN_EMPTY_BODY = YES;
				CLANG_WARN_ENUM_CONVERSION = YES;
				CLANG_WARN_INFINITE_RECURSION = YES;
				CLANG_WARN_INT_CONVERSION = YES;
				CLANG_WARN_NON_LITERAL_NULL_CONVERSION = YES;
				CLANG_WARN_OBJC_IMPLICIT_RETAIN_SELF = YES;
				CLANG_WARN_OBJC_LITERAL_CONVERSION = YES;
				CLANG_WARN_OBJC_ROOT_CLASS = YES_ERROR;
				CLANG_WARN_RANGE_LOOP_ANALYSIS = YES;
				CLANG_WARN_STRICT_PROTOTYPES = YES;
				CLANG_WARN_SUSPICIOUS_MOVE = YES;
				CLANG_WARN_UNGUARDED_AVAILABILITY = YES_AGGRESSIVE;
				CLANG_WARN_UNREACHABLE_CODE = YES;
				CLANG_WARN__DUPLICATE_METHOD_MATCH = YES;
				COPY_PHASE_STRIP = NO;
				DEBUG_INFORMATION_FORMAT = "dwarf-with-dsym";
				ENABLE_NS_ASSERTIONS = NO;
				ENABLE_STRICT_OBJC_MSGSEND = YES;
				GCC_C_LANGUAGE_STANDARD = gnu11;
				GCC_NO_COMMON_BLOCKS = YES;
				GCC_WARN_64_TO_32_BIT_CONVERSION = YES;
				GCC_WARN_ABOUT_RETURN_TYPE = YES_ERROR;
				GCC_WARN_UNDECLARED_SELECTOR = YES;
				GCC_WARN_UNINITIALIZED_AUTOS = YES_AGGRESSIVE;
				GCC_WARN_UNUSED_FUNCTION = YES;
				GCC_WARN_UNUSED_VARIABLE = YES;
				IPHONEOS_DEPLOYMENT_TARGET = 13.6;
				MTL_ENABLE_DEBUG_INFO = NO;
				MTL_FAST_MATH = YES;
				SDKROOT = iphoneos;
				SWIFT_COMPILATION_MODE = wholemodule;
				SWIFT_OPTIMIZATION_LEVEL = "-O";
				VALIDATE_PRODUCT = YES;
			};
			name = Release;
		};
		A576048E24C5AEFB0035C779 /* Debug */ = {
			isa = XCBuildConfiguration;
			buildSettings = {
				ASSETCATALOG_COMPILER_APPICON_NAME = AppIcon;
				CODE_SIGN_STYLE = Automatic;
				DEVELOPMENT_TEAM = 6W4MA25Y33;
				INFOPLIST_FILE = LocalNotification/Info.plist;
				IPHONEOS_DEPLOYMENT_TARGET = 13.5;
				LD_RUNPATH_SEARCH_PATHS = (
					"$(inherited)",
					"@executable_path/Frameworks",
				);
				PRODUCT_BUNDLE_IDENTIFIER = com.jaDanRA.LocalNotification;
				PRODUCT_NAME = "$(TARGET_NAME)";
				SWIFT_VERSION = 5.0;
				TARGETED_DEVICE_FAMILY = "1,2";
			};
			name = Debug;
		};
		A576048F24C5AEFB0035C779 /* Release */ = {
			isa = XCBuildConfiguration;
			buildSettings = {
				ASSETCATALOG_COMPILER_APPICON_NAME = AppIcon;
				CODE_SIGN_STYLE = Automatic;
				DEVELOPMENT_TEAM = 6W4MA25Y33;
				INFOPLIST_FILE = LocalNotification/Info.plist;
				IPHONEOS_DEPLOYMENT_TARGET = 13.5;
				LD_RUNPATH_SEARCH_PATHS = (
					"$(inherited)",
					"@executable_path/Frameworks",
				);
				PRODUCT_BUNDLE_IDENTIFIER = com.jaDanRA.LocalNotification;
				PRODUCT_NAME = "$(TARGET_NAME)";
				SWIFT_VERSION = 5.0;
				TARGETED_DEVICE_FAMILY = "1,2";
			};
			name = Release;
		};
/* End XCBuildConfiguration section */

/* Begin XCConfigurationList section */
		A576047424C5AEF00035C779 /* Build configuration list for PBXProject "LocalNotification" */ = {
			isa = XCConfigurationList;
			buildConfigurations = (
				A576048B24C5AEFB0035C779 /* Debug */,
				A576048C24C5AEFB0035C779 /* Release */,
			);
			defaultConfigurationIsVisible = 0;
			defaultConfigurationName = Release;
		};
		A576048D24C5AEFB0035C779 /* Build configuration list for PBXNativeTarget "LocalNotification" */ = {
			isa = XCConfigurationList;
			buildConfigurations = (
				A576048E24C5AEFB0035C779 /* Debug */,
				A576048F24C5AEFB0035C779 /* Release */,
			);
			defaultConfigurationIsVisible = 0;
			defaultConfigurationName = Release;
		};
/* End XCConfigurationList section */
	};
	rootObject = A576047124C5AEF00035C779 /* Project object */;
}
